
Microsoft Visual Studio Solution File, Format Version 12.00
# Visual Studio Version 16
VisualStudioVersion = 16.0.30011.22
MinimumVisualStudioVersion = 10.0.40219.1
Project("{FAE04EC0-301F-11D3-BF4B-00C04F79EFBC}") = "TutorAM", "TutorAM\TutorAM.csproj", "{58497E06-2C82-447E-AB08-A19A32940F96}"
EndProject
Global
	GlobalSection(SolutionConfigurationPlatforms) = preSolution
		Debug|Any CPU = Debug|Any CPU
		Release|Any CPU = Release|Any CPU
	EndGlobalSection
	GlobalSection(ProjectConfigurationPlatforms) = postSolution
		{58497E06-2C82-447E-AB08-A19A32940F96}.Debug|Any CPU.ActiveCfg = Debug|Any CPU
		{58497E06-2C82-447E-AB08-A19A32940F96}.Debug|Any CPU.Build.0 = Debug|Any CPU
		{58497E06-2C82-447E-AB08-A19A32940F96}.Release|Any CPU.ActiveCfg = Release|Any CPU
		{58497E06-2C82-447E-AB08-A19A32940F96}.Release|Any CPU.Build.0 = Release|Any CPU
	EndGlobalSection
	GlobalSection(SolutionProperties) = preSolution
		HideSolutionNode = FALSE
	EndGlobalSection
	GlobalSection(ExtensibilityGlobals) = postSolution
		SolutionGuid = {C675F1A1-1080-4C69-B9D4-514ABE5056B4}
	EndGlobalSection
EndGlobal
